
Microsoft Visual Studio Solution File, Format Version 12.00
# Visual Studio Version 17
VisualStudioVersion = 17.9.34728.123
MinimumVisualStudioVersion = 10.0.40219.1
Project("{FAE04EC0-301F-11D3-BF4B-00C04F79EFBC}") = "TallerPractica", "TallerPractica\TallerPractica.csproj", "{022DB7DE-27D1-4B8C-9753-5AFBC94C12FB}"
EndProject
Global
	GlobalSection(SolutionConfigurationPlatforms) = preSolution
		Debug|Any CPU = Debug|Any CPU
		Release|Any CPU = Release|Any CPU
	EndGlobalSection
	GlobalSection(ProjectConfigurationPlatforms) = postSolution
		{022DB7DE-27D1-4B8C-9753-5AFBC94C12FB}.Debug|Any CPU.ActiveCfg = Debug|Any CPU
		{022DB7DE-27D1-4B8C-9753-5AFBC94C12FB}.Debug|Any CPU.Build.0 = Debug|Any CPU
		{022DB7DE-27D1-4B8C-9753-5AFBC94C12FB}.Release|Any CPU.ActiveCfg = Release|Any CPU
		{022DB7DE-27D1-4B8C-9753-5AFBC94C12FB}.Release|Any CPU.Build.0 = Release|Any CPU
	EndGlobalSection
	GlobalSection(SolutionProperties) = preSolution
		HideSolutionNode = FALSE
	EndGlobalSection
	GlobalSection(ExtensibilityGlobals) = postSolution
		SolutionGuid = {7D1DAD02-6F90-47DA-9388-51ABD1F5C6EB}
	EndGlobalSection
EndGlobal
